
Microsoft Visual Studio Solution File, Format Version 12.00
# Visual Studio Version 17
VisualStudioVersion = 17.0.32112.339
MinimumVisualStudioVersion = 10.0.40219.1
Project("{FAE04EC0-301F-11D3-BF4B-00C04F79EFBC}") = "ProductsApp", "ProductsApp\ProductsApp.csproj", "{4AC3858F-D0F5-4B21-976E-C095A4B14194}"
EndProject
Global
	GlobalSection(SolutionConfigurationPlatforms) = preSolution
		Debug|Any CPU = Debug|Any CPU
		Release|Any CPU = Release|Any CPU
	EndGlobalSection
	GlobalSection(ProjectConfigurationPlatforms) = postSolution
		{4AC3858F-D0F5-4B21-976E-C095A4B14194}.Debug|Any CPU.ActiveCfg = Debug|Any CPU
		{4AC3858F-D0F5-4B21-976E-C095A4B14194}.Debug|Any CPU.Build.0 = Debug|Any CPU
		{4AC3858F-D0F5-4B21-976E-C095A4B14194}.Release|Any CPU.ActiveCfg = Release|Any CPU
		{4AC3858F-D0F5-4B21-976E-C095A4B14194}.Release|Any CPU.Build.0 = Release|Any CPU
	EndGlobalSection
	GlobalSection(SolutionProperties) = preSolution
		HideSolutionNode = FALSE
	EndGlobalSection
	GlobalSection(ExtensibilityGlobals) = postSolution
		SolutionGuid = {81056653-A24E-4DA8-9FBC-EC52F1D51538}
	EndGlobalSection
EndGlobal
